
Microsoft Visual Studio Solution File, Format Version 12.00
# Visual Studio Version 17
VisualStudioVersion = 17.2.32616.157
MinimumVisualStudioVersion = 10.0.40219.1
Project("{FAE04EC0-301F-11D3-BF4B-00C04F79EFBC}") = "Project1", "Project1\Project1.csproj", "{F2D88441-8802-4E4F-BFB8-CDA67EF802F6}"
EndProject
Global
	GlobalSection(SolutionConfigurationPlatforms) = preSolution
		Debug|Any CPU = Debug|Any CPU
		Release|Any CPU = Release|Any CPU
	EndGlobalSection
	GlobalSection(ProjectConfigurationPlatforms) = postSolution
		{F2D88441-8802-4E4F-BFB8-CDA67EF802F6}.Debug|Any CPU.ActiveCfg = Debug|Any CPU
		{F2D88441-8802-4E4F-BFB8-CDA67EF802F6}.Debug|Any CPU.Build.0 = Debug|Any CPU
		{F2D88441-8802-4E4F-BFB8-CDA67EF802F6}.Release|Any CPU.ActiveCfg = Release|Any CPU
		{F2D88441-8802-4E4F-BFB8-CDA67EF802F6}.Release|Any CPU.Build.0 = Release|Any CPU
	EndGlobalSection
	GlobalSection(SolutionProperties) = preSolution
		HideSolutionNode = FALSE
	EndGlobalSection
	GlobalSection(ExtensibilityGlobals) = postSolution
		SolutionGuid = {F55FBCFD-E341-4627-B207-E2D8810254E3}
	EndGlobalSection
EndGlobal
